
Microsoft Visual Studio Solution File, Format Version 12.00
Project("{FAE04EC0-301F-11D3-BF4B-00C04F79EFBC}") = "StripboekProject", "StripboekProject\StripboekProject.csproj", "{8094C569-BAE5-490B-8126-A268CF22B2AB}"
EndProject
Global
	GlobalSection(SolutionConfigurationPlatforms) = preSolution
		Debug|Any CPU = Debug|Any CPU
		Release|Any CPU = Release|Any CPU
	EndGlobalSection
	GlobalSection(ProjectConfigurationPlatforms) = postSolution
		{8094C569-BAE5-490B-8126-A268CF22B2AB}.Debug|Any CPU.ActiveCfg = Debug|Any CPU
		{8094C569-BAE5-490B-8126-A268CF22B2AB}.Debug|Any CPU.Build.0 = Debug|Any CPU
		{8094C569-BAE5-490B-8126-A268CF22B2AB}.Release|Any CPU.ActiveCfg = Release|Any CPU
		{8094C569-BAE5-490B-8126-A268CF22B2AB}.Release|Any CPU.Build.0 = Release|Any CPU
	EndGlobalSection
EndGlobal
